// !$*UTF8*$!
{
	archiveVersion = 1;
	classes = {
	};
	objectVersion = 56;
	objects = {

/* Begin PBXBuildFile section */
		FB6A6AE62AE6E5FE000A3D02 /* AppDelegate.swift in Sources */ = {isa = PBXBuildFile; fileRef = FB6A6AE52AE6E5FE000A3D02 /* AppDelegate.swift */; };
		FB6A6AE82AE6E5FE000A3D02 /* SceneDelegate.swift in Sources */ = {isa = PBXBuildFile; fileRef = FB6A6AE72AE6E5FE000A3D02 /* SceneDelegate.swift */; };
		FB6A6AEA2AE6E5FE000A3D02 /* ViewController.swift in Sources */ = {isa = PBXBuildFile; fileRef = FB6A6AE92AE6E5FE000A3D02 /* ViewController.swift */; };
		FB6A6AED2AE6E5FE000A3D02 /* Main.storyboard in Resources */ = {isa = PBXBuildFile; fileRef = FB6A6AEB2AE6E5FE000A3D02 /* Main.storyboard */; };
		FB6A6AEF2AE6E601000A3D02 /* Assets.xcassets in Resources */ = {isa = PBXBuildFile; fileRef = FB6A6AEE2AE6E601000A3D02 /* Assets.xcassets */; };
		FB6A6AF22AE6E601000A3D02 /* LaunchScreen.storyboard in Resources */ = {isa = PBXBuildFile; fileRef = FB6A6AF02AE6E601000A3D02 /* LaunchScreen.storyboard */; };
		FB6A6AFD2AE6E601000A3D02 /* TicTacToeTests.swift in Sources */ = {isa = PBXBuildFile; fileRef = FB6A6AFC2AE6E601000A3D02 /* TicTacToeTests.swift */; };
		FB6A6B072AE6E601000A3D02 /* TicTacToeUITests.swift in Sources */ = {isa = PBXBuildFile; fileRef = FB6A6B062AE6E601000A3D02 /* TicTacToeUITests.swift */; };
		FB6A6B092AE6E601000A3D02 /* TicTacToeUITestsLaunchTests.swift in Sources */ = {isa = PBXBuildFile; fileRef = FB6A6B082AE6E601000A3D02 /* TicTacToeUITestsLaunchTests.swift */; };
/* End PBXBuildFile section */

/* Begin PBXContainerItemProxy section */
		FB6A6AF92AE6E601000A3D02 /* PBXContainerItemProxy */ = {
			isa = PBXContainerItemProxy;
			containerPortal = FB6A6ADA2AE6E5FE000A3D02 /* Project object */;
			proxyType = 1;
			remoteGlobalIDString = FB6A6AE12AE6E5FE000A3D02;
			remoteInfo = TicTacToe;
		};
		FB6A6B032AE6E601000A3D02 /* PBXContainerItemProxy */ = {
			isa = PBXContainerItemProxy;
			containerPortal = FB6A6ADA2AE6E5FE000A3D02 /* Project object */;
			proxyType = 1;
			remoteGlobalIDString = FB6A6AE12AE6E5FE000A3D02;
			remoteInfo = TicTacToe;
		};
/* End PBXContainerItemProxy section */

/* Begin PBXFileReference section */
		FB6A6AE22AE6E5FE000A3D02 /* TicTacToe.app */ = {isa = PBXFileReference; explicitFileType = wrapper.application; includeInIndex = 0; path = TicTacToe.app; sourceTree = BUILT_PRODUCTS_DIR; };
		FB6A6AE52AE6E5FE000A3D02 /* AppDelegate.swift */ = {isa = PBXFileReference; lastKnownFileType = sourcecode.swift; path = AppDelegate.swift; sourceTree = "<group>"; };
		FB6A6AE72AE6E5FE000A3D02 /* SceneDelegate.swift */ = {isa = PBXFileReference; lastKnownFileType = sourcecode.swift; path = SceneDelegate.swift; sourceTree = "<group>"; };
		FB6A6AE92AE6E5FE000A3D02 /* ViewController.swift */ = {isa = PBXFileReference; lastKnownFileType = sourcecode.swift; path = ViewController.swift; sourceTree = "<group>"; };
		FB6A6AEC2AE6E5FE000A3D02 /* Base */ = {isa = PBXFileReference; lastKnownFileType = file.storyboard; name = Base; path = Base.lproj/Main.storyboard; sourceTree = "<group>"; };
		FB6A6AEE2AE6E601000A3D02 /* Assets.xcassets */ = {isa = PBXFileReference; lastKnownFileType = folder.assetcatalog; path = Assets.xcassets; sourceTree = "<group>"; };
		FB6A6AF12AE6E601000A3D02 /* Base */ = {isa = PBXFileReference; lastKnownFileType = file.storyboard; name = Base; path = Base.lproj/LaunchScreen.storyboard; sourceTree = "<group>"; };
		FB6A6AF32AE6E601000A3D02 /* Info.plist */ = {isa = PBXFileReference; lastKnownFileType = text.plist.xml; path = Info.plist; sourceTree = "<group>"; };
		FB6A6AF82AE6E601000A3D02 /* TicTacToeTests.xctest */ = {isa = PBXFileReference; explicitFileType = wrapper.cfbundle; includeInIndex = 0; path = TicTacToeTests.xctest; sourceTree = BUILT_PRODUCTS_DIR; };
		FB6A6AFC2AE6E601000A3D02 /* TicTacToeTests.swift */ = {isa = PBXFileReference; lastKnownFileType = sourcecode.swift; path = TicTacToeTests.swift; sourceTree = "<group>"; };
		FB6A6B022AE6E601000A3D02 /* TicTacToeUITests.xctest */ = {isa = PBXFileReference; explicitFileType = wrapper.cfbundle; includeInIndex = 0; path = TicTacToeUITests.xctest; sourceTree = BUILT_PRODUCTS_DIR; };
		FB6A6B062AE6E601000A3D02 /* TicTacToeUITests.swift */ = {isa = PBXFileReference; lastKnownFileType = sourcecode.swift; path = TicTacToeUITests.swift; sourceTree = "<group>"; };
		FB6A6B082AE6E601000A3D02 /* TicTacToeUITestsLaunchTests.swift */ = {isa = PBXFileReference; lastKnownFileType = sourcecode.swift; path = TicTacToeUITestsLaunchTests.swift; sourceTree = "<group>"; };
/* End PBXFileReference section */

/* Begin PBXFrameworksBuildPhase section */
		FB6A6ADF2AE6E5FE000A3D02 /* Frameworks */ = {
			isa = PBXFrameworksBuildPhase;
			buildActionMask = 2147483647;
			files = (
			);
			runOnlyForDeploymentPostprocessing = 0;
		};
		FB6A6AF52AE6E601000A3D02 /* Frameworks */ = {
			isa = PBXFrameworksBuildPhase;
			buildActionMask = 2147483647;
			files = (
			);
			runOnlyForDeploymentPostprocessing = 0;
		};
		FB6A6AFF2AE6E601000A3D02 /* Frameworks */ = {
			isa = PBXFrameworksBuildPhase;
			buildActionMask = 2147483647;
			files = (
			);
			runOnlyForDeploymentPostprocessing = 0;
		};
/* End PBXFrameworksBuildPhase section */

/* Begin PBXGroup section */
		FB6A6AD92AE6E5FE000A3D02 = {
			isa = PBXGroup;
			children = (
				FB6A6AE42AE6E5FE000A3D02 /* TicTacToe */,
				FB6A6AFB2AE6E601000A3D02 /* TicTacToeTests */,
				FB6A6B052AE6E601000A3D02 /* TicTacToeUITests */,
				FB6A6AE32AE6E5FE000A3D02 /* Products */,
			);
			sourceTree = "<group>";
		};
		FB6A6AE32AE6E5FE000A3D02 /* Products */ = {
			isa = PBXGroup;
			children = (
				FB6A6AE22AE6E5FE000A3D02 /* TicTacToe.app */,
				FB6A6AF82AE6E601000A3D02 /* TicTacToeTests.xctest */,
				FB6A6B022AE6E601000A3D02 /* TicTacToeUITests.xctest */,
			);
			name = Products;
			sourceTree = "<group>";
		};
		FB6A6AE42AE6E5FE000A3D02 /* TicTacToe */ = {
			isa = PBXGroup;
			children = (
				FB6A6AE52AE6E5FE000A3D02 /* AppDelegate.swift */,
				FB6A6AE72AE6E5FE000A3D02 /* SceneDelegate.swift */,
				FB6A6AE92AE6E5FE000A3D02 /* ViewController.swift */,
				FB6A6AEB2AE6E5FE000A3D02 /* Main.storyboard */,
				FB6A6AEE2AE6E601000A3D02 /* Assets.xcassets */,
				FB6A6AF02AE6E601000A3D02 /* LaunchScreen.storyboard */,
				FB6A6AF32AE6E601000A3D02 /* Info.plist */,
			);
			path = TicTacToe;
			sourceTree = "<group>";
		};
		FB6A6AFB2AE6E601000A3D02 /* TicTacToeTests */ = {
			isa = PBXGroup;
			children = (
				FB6A6AFC2AE6E601000A3D02 /* TicTacToeTests.swift */,
			);
			path = TicTacToeTests;
			sourceTree = "<group>";
		};
		FB6A6B052AE6E601000A3D02 /* TicTacToeUITests */ = {
			isa = PBXGroup;
			children = (
				FB6A6B062AE6E601000A3D02 /* TicTacToeUITests.swift */,
				FB6A6B082AE6E601000A3D02 /* TicTacToeUITestsLaunchTests.swift */,
			);
			path = TicTacToeUITests;
			sourceTree = "<group>";
		};
/* End PBXGroup section */

/* Begin PBXNativeTarget section */
		FB6A6AE12AE6E5FE000A3D02 /* TicTacToe */ = {
			isa = PBXNativeTarget;
			buildConfigurationList = FB6A6B0C2AE6E601000A3D02 /* Build configuration list for PBXNativeTarget "TicTacToe" */;
			buildPhases = (
				FB6A6ADE2AE6E5FE000A3D02 /* Sources */,
				FB6A6ADF2AE6E5FE000A3D02 /* Frameworks */,
				FB6A6AE02AE6E5FE000A3D02 /* Resources */,
			);
			buildRules = (
			);
			dependencies = (
			);
			name = TicTacToe;
			productName = TicTacToe;
			productReference = FB6A6AE22AE6E5FE000A3D02 /* TicTacToe.app */;
			productType = "com.apple.product-type.application";
		};
		FB6A6AF72AE6E601000A3D02 /* TicTacToeTests */ = {
			isa = PBXNativeTarget;
			buildConfigurationList = FB6A6B0F2AE6E601000A3D02 /* Build configuration list for PBXNativeTarget "TicTacToeTests" */;
			buildPhases = (
				FB6A6AF42AE6E601000A3D02 /* Sources */,
				FB6A6AF52AE6E601000A3D02 /* Frameworks */,
				FB6A6AF62AE6E601000A3D02 /* Resources */,
			);
			buildRules = (
			);
			dependencies = (
				FB6A6AFA2AE6E601000A3D02 /* PBXTargetDependency */,
			);
			name = TicTacToeTests;
			productName = TicTacToeTests;
			productReference = FB6A6AF82AE6E601000A3D02 /* TicTacToeTests.xctest */;
			productType = "com.apple.product-type.bundle.unit-test";
		};
		FB6A6B012AE6E601000A3D02 /* TicTacToeUITests */ = {
			isa = PBXNativeTarget;
			buildConfigurationList = FB6A6B122AE6E601000A3D02 /* Build configuration list for PBXNativeTarget "TicTacToeUITests" */;
			buildPhases = (
				FB6A6AFE2AE6E601000A3D02 /* Sources */,
				FB6A6AFF2AE6E601000A3D02 /* Frameworks */,
				FB6A6B002AE6E601000A3D02 /* Resources */,
			);
			buildRules = (
			);
			dependencies = (
				FB6A6B042AE6E601000A3D02 /* PBXTargetDependency */,
			);
			name = TicTacToeUITests;
			productName = TicTacToeUITests;
			productReference = FB6A6B022AE6E601000A3D02 /* TicTacToeUITests.xctest */;
			productType = "com.apple.product-type.bundle.ui-testing";
		};
/* End PBXNativeTarget section */

/* Begin PBXProject section */
		FB6A6ADA2AE6E5FE000A3D02 /* Project object */ = {
			isa = PBXProject;
			attributes = {
				BuildIndependentTargetsInParallel = 1;
				LastSwiftUpdateCheck = 1500;
				LastUpgradeCheck = 1500;
				TargetAttributes = {
					FB6A6AE12AE6E5FE000A3D02 = {
						CreatedOnToolsVersion = 15.0;
					};
					FB6A6AF72AE6E601000A3D02 = {
						CreatedOnToolsVersion = 15.0;
						TestTargetID = FB6A6AE12AE6E5FE000A3D02;
					};
					FB6A6B012AE6E601000A3D02 = {
						CreatedOnToolsVersion = 15.0;
						TestTargetID = FB6A6AE12AE6E5FE000A3D02;
					};
				};
			};
			buildConfigurationList = FB6A6ADD2AE6E5FE000A3D02 /* Build configuration list for PBXProject "TicTacToe" */;
			compatibilityVersion = "Xcode 14.0";
			developmentRegion = en;
			hasScannedForEncodings = 0;
			knownRegions = (
				en,
				Base,
			);
			mainGroup = FB6A6AD92AE6E5FE000A3D02;
			productRefGroup = FB6A6AE32AE6E5FE000A3D02 /* Products */;
			projectDirPath = "";
			projectRoot = "";
			targets = (
				FB6A6AE12AE6E5FE000A3D02 /* TicTacToe */,
				FB6A6AF72AE6E601000A3D02 /* TicTacToeTests */,
				FB6A6B012AE6E601000A3D02 /* TicTacToeUITests */,
			);
		};
/* End PBXProject section */

/* Begin PBXResourcesBuildPhase section */
		FB6A6AE02AE6E5FE000A3D02 /* Resources */ = {
			isa = PBXResourcesBuildPhase;
			buildActionMask = 2147483647;
			files = (
				FB6A6AF22AE6E601000A3D02 /* LaunchScreen.storyboard in Resources */,
				FB6A6AEF2AE6E601000A3D02 /* Assets.xcassets in Resources */,
				FB6A6AED2AE6E5FE000A3D02 /* Main.storyboard in Resources */,
			);
			runOnlyForDeploymentPostprocessing = 0;
		};
		FB6A6AF62AE6E601000A3D02 /* Resources */ = {
			isa = PBXResourcesBuildPhase;
			buildActionMask = 2147483647;
			files = (
			);
			runOnlyForDeploymentPostprocessing = 0;
		};
		FB6A6B002AE6E601000A3D02 /* Resources */ = {
			isa = PBXResourcesBuildPhase;
			buildActionMask = 2147483647;
			files = (
			);
			runOnlyForDeploymentPostprocessing = 0;
		};
/* End PBXResourcesBuildPhase section */

/* Begin PBXSourcesBuildPhase section */
		FB6A6ADE2AE6E5FE000A3D02 /* Sources */ = {
			isa = PBXSourcesBuildPhase;
			buildActionMask = 2147483647;
			files = (
				FB6A6AEA2AE6E5FE000A3D02 /* ViewController.swift in Sources */,
				FB6A6AE62AE6E5FE000A3D02 /* AppDelegate.swift in Sources */,
				FB6A6AE82AE6E5FE000A3D02 /* SceneDelegate.swift in Sources */,
			);
			runOnlyForDeploymentPostprocessing = 0;
		};
		FB6A6AF42AE6E601000A3D02 /* Sources */ = {
			isa = PBXSourcesBuildPhase;
			buildActionMask = 2147483647;
			files = (
				FB6A6AFD2AE6E601000A3D02 /* TicTacToeTests.swift in Sources */,
			);
			runOnlyForDeploymentPostprocessing = 0;
		};
		FB6A6AFE2AE6E601000A3D02 /* Sources */ = {
			isa = PBXSourcesBuildPhase;
			buildActionMask = 2147483647;
			files = (
				FB6A6B072AE6E601000A3D02 /* TicTacToeUITests.swift in Sources */,
				FB6A6B092AE6E601000A3D02 /* TicTacToeUITestsLaunchTests.swift in Sources */,
			);
			runOnlyForDeploymentPostprocessing = 0;
		};
/* End PBXSourcesBuildPhase section */

/* Begin PBXTargetDependency section */
		FB6A6AFA2AE6E601000A3D02 /* PBXTargetDependency */ = {
			isa = PBXTargetDependency;
			target = FB6A6AE12AE6E5FE000A3D02 /* TicTacToe */;
			targetProxy = FB6A6AF92AE6E601000A3D02 /* PBXContainerItemProxy */;
		};
		FB6A6B042AE6E601000A3D02 /* PBXTargetDependency */ = {
			isa = PBXTargetDependency;
			target = FB6A6AE12AE6E5FE000A3D02 /* TicTacToe */;
			targetProxy = FB6A6B032AE6E601000A3D02 /* PBXContainerItemProxy */;
		};
/* End PBXTargetDependency section */

/* Begin PBXVariantGroup section */
		FB6A6AEB2AE6E5FE000A3D02 /* Main.storyboard */ = {
			isa = PBXVariantGroup;
			children = (
				FB6A6AEC2AE6E5FE000A3D02 /* Base */,
			);
			name = Main.storyboard;
			sourceTree = "<group>";
		};
		FB6A6AF02AE6E601000A3D02 /* LaunchScreen.storyboard */ = {
			isa = PBXVariantGroup;
			children = (
				FB6A6AF12AE6E601000A3D02 /* Base */,
			);
			name = LaunchScreen.storyboard;
			sourceTree = "<group>";
		};
/* End PBXVariantGroup section */

/* Begin XCBuildConfiguration section */
		FB6A6B0A2AE6E601000A3D02 /* Debug */ = {
			isa = XCBuildConfiguration;
			buildSettings = {
				ALWAYS_SEARCH_USER_PATHS = NO;
				ASSETCATALOG_COMPILER_GENERATE_SWIFT_ASSET_SYMBOL_EXTENSIONS = YES;
				CLANG_ANALYZER_NONNULL = YES;
				CLANG_ANALYZER_NUMBER_OBJECT_CONVERSION = YES_AGGRESSIVE;
				CLANG_CXX_LANGUAGE_STANDARD = "gnu++20";
				CLANG_ENABLE_MODULES = YES;
				CLANG_ENABLE_OBJC_ARC = YES;
				CLANG_ENABLE_OBJC_WEAK = YES;
				CLANG_WARN_BLOCK_CAPTURE_AUTORELEASING = YES;
				CLANG_WARN_BOOL_CONVERSION = YES;
				CLANG_WARN_COMMA = YES;
				CLANG_WARN_CONSTANT_CONVERSION = YES;
				CLANG_WARN_DEPRECATED_OBJC_IMPLEMENTATIONS = YES;
				CLANG_WARN_DIRECT_OBJC_ISA_USAGE = YES_ERROR;
				CLANG_WARN_DOCUMENTATION_COMMENTS = YES;
				CLANG_WARN_EMPTY_BODY = YES;
				CLANG_WARN_ENUM_CONVERSION = YES;
				CLANG_WARN_INFINITE_RECURSION = YES;
				CLANG_WARN_INT_CONVERSION = YES;
				CLANG_WARN_NON_LITERAL_NULL_CONVERSION = YES;
				CLANG_WARN_OBJC_IMPLICIT_RETAIN_SELF = YES;
				CLANG_WARN_OBJC_LITERAL_CONVERSION = YES;
				CLANG_WARN_OBJC_ROOT_CLASS = YES_ERROR;
				CLANG_WARN_QUOTED_INCLUDE_IN_FRAMEWORK_HEADER = YES;
				CLANG_WARN_RANGE_LOOP_ANALYSIS = YES;
				CLANG_WARN_STRICT_PROTOTYPES = YES;
				CLANG_WARN_SUSPICIOUS_MOVE = YES;
				CLANG_WARN_UNGUARDED_AVAILABILITY = YES_AGGRESSIVE;
				CLANG_WARN_UNREACHABLE_CODE = YES;
				CLANG_WARN__DUPLICATE_METHOD_MATCH = YES;
				COPY_PHASE_STRIP = NO;
				DEBUG_INFORMATION_FORMAT = dwarf;
				ENABLE_STRICT_OBJC_MSGSEND = YES;
				ENABLE_TESTABILITY = YES;
				ENABLE_USER_SCRIPT_SANDBOXING = YES;
				GCC_C_LANGUAGE_STANDARD = gnu17;
				GCC_DYNAMIC_NO_PIC = NO;
				GCC_NO_COMMON_BLOCKS = YES;
				GCC_OPTIMIZATION_LEVEL = 0;
				GCC_PREPROCESSOR_DEFINITIONS = (
					"DEBUG=1",
					"$(inherited)",
				);
				GCC_WARN_64_TO_32_BIT_CONVERSION = YES;
				GCC_WARN_ABOUT_RETURN_TYPE = YES_ERROR;
				GCC_WARN_UNDECLARED_SELECTOR = YES;
				GCC_WARN_UNINITIALIZED_AUTOS = YES_AGGRESSIVE;
				GCC_WARN_UNUSED_FUNCTION = YES;
				GCC_WARN_UNUSED_VARIABLE = YES;
				IPHONEOS_DEPLOYMENT_TARGET = 17.0;
				LOCALIZATION_PREFERS_STRING_CATALOGS = YES;
				MTL_ENABLE_DEBUG_INFO = INCLUDE_SOURCE;
				MTL_FAST_MATH = YES;
				ONLY_ACTIVE_ARCH = YES;
				SDKROOT = iphoneos;
				SWIFT_ACTIVE_COMPILATION_CONDITIONS = "DEBUG $(inherited)";
				SWIFT_OPTIMIZATION_LEVEL = "-Onone";
			};
			name = Debug;
		};
		FB6A6B0B2AE6E601000A3D02 /* Release */ = {
			isa = XCBuildConfiguration;
			buildSettings = {
				ALWAYS_SEARCH_USER_PATHS = NO;
				ASSETCATALOG_COMPILER_GENERATE_SWIFT_ASSET_SYMBOL_EXTENSIONS = YES;
				CLANG_ANALYZER_NONNULL = YES;
				CLANG_ANALYZER_NUMBER_OBJECT_CONVERSION = YES_AGGRESSIVE;
				CLANG_CXX_LANGUAGE_STANDARD = "gnu++20";
				CLANG_ENABLE_MODULES = YES;
				CLANG_ENABLE_OBJC_ARC = YES;
				CLANG_ENABLE_OBJC_WEAK = YES;
				CLANG_WARN_BLOCK_CAPTURE_AUTORELEASING = YES;
				CLANG_WARN_BOOL_CONVERSION = YES;
				CLANG_WARN_COMMA = YES;
				CLANG_WARN_CONSTANT_CONVERSION = YES;
				CLANG_WARN_DEPRECATED_OBJC_IMPLEMENTATIONS = YES;
				CLANG_WARN_DIRECT_OBJC_ISA_USAGE = YES_ERROR;
				CLANG_WARN_DOCUMENTATION_COMMENTS = YES;
				CLANG_WARN_EMPTY_BODY = YES;
				CLANG_WARN_ENUM_CONVERSION = YES;
				CLANG_WARN_INFINITE_RECURSION = YES;
				CLANG_WARN_INT_CONVERSION = YES;
				CLANG_WARN_NON_LITERAL_NULL_CONVERSION = YES;
				CLANG_WARN_OBJC_IMPLICIT_RETAIN_SELF = YES;
				CLANG_WARN_OBJC_LITERAL_CONVERSION = YES;
				CLANG_WARN_OBJC_ROOT_CLASS = YES_ERROR;
				CLANG_WARN_QUOTED_INCLUDE_IN_FRAMEWORK_HEADER = YES;
				CLANG_WARN_RANGE_LOOP_ANALYSIS = YES;
				CLANG_WARN_STRICT_PROTOTYPES = YES;
				CLANG_WARN_SUSPICIOUS_MOVE = YES;
				CLANG_WARN_UNGUARDED_AVAILABILITY = YES_AGGRESSIVE;
				CLANG_WARN_UNREACHABLE_CODE = YES;
				CLANG_WARN__DUPLICATE_METHOD_MATCH = YES;
				COPY_PHASE_STRIP = NO;
				DEBUG_INFORMATION_FORMAT = "dwarf-with-dsym";
				ENABLE_NS_ASSERTIONS = NO;
				ENABLE_STRICT_OBJC_MSGSEND = YES;
				ENABLE_USER_SCRIPT_SANDBOXING = YES;
				GCC_C_LANGUAGE_STANDARD = gnu17;
				GCC_NO_COMMON_BLOCKS = YES;
				GCC_WARN_64_TO_32_BIT_CONVERSION = YES;
				GCC_WARN_ABOUT_RETURN_TYPE = YES_ERROR;
				GCC_WARN_UNDECLARED_SELECTOR = YES;
				GCC_WARN_UNINITIALIZED_AUTOS = YES_AGGRESSIVE;
				GCC_WARN_UNUSED_FUNCTION = YES;
				GCC_WARN_UNUSED_VARIABLE = YES;
				IPHONEOS_DEPLOYMENT_TARGET = 17.0;
				LOCALIZATION_PREFERS_STRING_CATALOGS = YES;
				MTL_ENABLE_DEBUG_INFO = NO;
				MTL_FAST_MATH = YES;
				SDKROOT = iphoneos;
				SWIFT_COMPILATION_MODE = wholemodule;
				VALIDATE_PRODUCT = YES;
			};
			name = Release;
		};
		FB6A6B0D2AE6E601000A3D02 /* Debug */ = {
			isa = XCBuildConfiguration;
			buildSettings = {
				ASSETCATALOG_COMPILER_APPICON_NAME = AppIcon;
				ASSETCATALOG_COMPILER_GLOBAL_ACCENT_COLOR_NAME = AccentColor;
				CODE_SIGN_STYLE = Automatic;
				CURRENT_PROJECT_VERSION = 1;
				GENERATE_INFOPLIST_FILE = YES;
				INFOPLIST_FILE = TicTacToe/Info.plist;
				INFOPLIST_KEY_UIApplicationSupportsIndirectInputEvents = YES;
				INFOPLIST_KEY_UILaunchStoryboardName = LaunchScreen;
				INFOPLIST_KEY_UIMainStoryboardFile = Main;
				INFOPLIST_KEY_UISupportedInterfaceOrientations_iPad = "UIInterfaceOrientationPortrait UIInterfaceOrientationPortraitUpsideDown UIInterfaceOrientationLandscapeLeft UIInterfaceOrientationLandscapeRight";
				INFOPLIST_KEY_UISupportedInterfaceOrientations_iPhone = "UIInterfaceOrientationPortrait UIInterfaceOrientationLandscapeLeft UIInterfaceOrientationLandscapeRight";
				LD_RUNPATH_SEARCH_PATHS = (
					"$(inherited)",
					"@executable_path/Frameworks",
				);
				MARKETING_VERSION = 1.0;
				PRODUCT_BUNDLE_IDENTIFIER = mx.tec.A01327530.TicTacToe;
				PRODUCT_NAME = "$(TARGET_NAME)";
				SWIFT_EMIT_LOC_STRINGS = YES;
				SWIFT_VERSION = 5.0;
				TARGETED_DEVICE_FAMILY = "1,2";
			};
			name = Debug;
		};
		FB6A6B0E2AE6E601000A3D02 /* Release */ = {
			isa = XCBuildConfiguration;
			buildSettings = {
				ASSETCATALOG_COMPILER_APPICON_NAME = AppIcon;
				ASSETCATALOG_COMPILER_GLOBAL_ACCENT_COLOR_NAME = AccentColor;
				CODE_SIGN_STYLE = Automatic;
				CURRENT_PROJECT_VERSION = 1;
				GENERATE_INFOPLIST_FILE = YES;
				INFOPLIST_FILE = TicTacToe/Info.plist;
				INFOPLIST_KEY_UIApplicationSupportsIndirectInputEvents = YES;
				INFOPLIST_KEY_UILaunchStoryboardName = LaunchScreen;
				INFOPLIST_KEY_UIMainStoryboardFile = Main;
				INFOPLIST_KEY_UISupportedInterfaceOrientations_iPad = "UIInterfaceOrientationPortrait UIInterfaceOrientationPortraitUpsideDown UIInterfaceOrientationLandscapeLeft UIInterfaceOrientationLandscapeRight";
				INFOPLIST_KEY_UISupportedInterfaceOrientations_iPhone = "UIInterfaceOrientationPortrait UIInterfaceOrientationLandscapeLeft UIInterfaceOrientationLandscapeRight";
				LD_RUNPATH_SEARCH_PATHS = (
					"$(inherited)",
					"@executable_path/Frameworks",
				);
				MARKETING_VERSION = 1.0;
				PRODUCT_BUNDLE_IDENTIFIER = mx.tec.A01327530.TicTacToe;
				PRODUCT_NAME = "$(TARGET_NAME)";
				SWIFT_EMIT_LOC_STRINGS = YES;
				SWIFT_VERSION = 5.0;
				TARGETED_DEVICE_FAMILY = "1,2";
			};
			name = Release;
		};
		FB6A6B102AE6E601000A3D02 /* Debug */ = {
			isa = XCBuildConfiguration;
			buildSettings = {
				ALWAYS_EMBED_SWIFT_STANDARD_LIBRARIES = YES;
				BUNDLE_LOADER = "$(TEST_HOST)";
				CODE_SIGN_STYLE = Automatic;
				CURRENT_PROJECT_VERSION = 1;
				GENERATE_INFOPLIST_FILE = YES;
				IPHONEOS_DEPLOYMENT_TARGET = 17.0;
				MARKETING_VERSION = 1.0;
				PRODUCT_BUNDLE_IDENTIFIER = mx.tec.A01327530.TicTacToeTests;
				PRODUCT_NAME = "$(TARGET_NAME)";
				SWIFT_EMIT_LOC_STRINGS = NO;
				SWIFT_VERSION = 5.0;
				TARGETED_DEVICE_FAMILY = "1,2";
				TEST_HOST = "$(BUILT_PRODUCTS_DIR)/TicTacToe.app/$(BUNDLE_EXECUTABLE_FOLDER_PATH)/TicTacToe";
			};
			name = Debug;
		};
		FB6A6B112AE6E601000A3D02 /* Release */ = {
			isa = XCBuildConfiguration;
			buildSettings = {
				ALWAYS_EMBED_SWIFT_STANDARD_LIBRARIES = YES;
				BUNDLE_LOADER = "$(TEST_HOST)";
				CODE_SIGN_STYLE = Automatic;
				CURRENT_PROJECT_VERSION = 1;
				GENERATE_INFOPLIST_FILE = YES;
				IPHONEOS_DEPLOYMENT_TARGET = 17.0;
				MARKETING_VERSION = 1.0;
				PRODUCT_BUNDLE_IDENTIFIER = mx.tec.A01327530.TicTacToeTests;
				PRODUCT_NAME = "$(TARGET_NAME)";
				SWIFT_EMIT_LOC_STRINGS = NO;
				SWIFT_VERSION = 5.0;
				TARGETED_DEVICE_FAMILY = "1,2";
				TEST_HOST = "$(BUILT_PRODUCTS_DIR)/TicTacToe.app/$(BUNDLE_EXECUTABLE_FOLDER_PATH)/TicTacToe";
			};
			name = Release;
		};
		FB6A6B132AE6E601000A3D02 /* Debug */ = {
			isa = XCBuildConfiguration;
			buildSettings = {
				ALWAYS_EMBED_SWIFT_STANDARD_LIBRARIES = YES;
				CODE_SIGN_STYLE = Automatic;
				CURRENT_PROJECT_VERSION = 1;
				GENERATE_INFOPLIST_FILE = YES;
				MARKETING_VERSION = 1.0;
				PRODUCT_BUNDLE_IDENTIFIER = mx.tec.A01327530.TicTacToeUITests;
				PRODUCT_NAME = "$(TARGET_NAME)";
				SWIFT_EMIT_LOC_STRINGS = NO;
				SWIFT_VERSION = 5.0;
				TARGETED_DEVICE_FAMILY = "1,2";
				TEST_TARGET_NAME = TicTacToe;
			};
			name = Debug;
		};
		FB6A6B142AE6E601000A3D02 /* Release */ = {
			isa = XCBuildConfiguration;
			buildSettings = {
				ALWAYS_EMBED_SWIFT_STANDARD_LIBRARIES = YES;
				CODE_SIGN_STYLE = Automatic;
				CURRENT_PROJECT_VERSION = 1;
				GENERATE_INFOPLIST_FILE = YES;
				MARKETING_VERSION = 1.0;
				PRODUCT_BUNDLE_IDENTIFIER = mx.tec.A01327530.TicTacToeUITests;
				PRODUCT_NAME = "$(TARGET_NAME)";
				SWIFT_EMIT_LOC_STRINGS = NO;
				SWIFT_VERSION = 5.0;
				TARGETED_DEVICE_FAMILY = "1,2";
				TEST_TARGET_NAME = TicTacToe;
			};
			name = Release;
		};
/* End XCBuildConfiguration section */

/* Begin XCConfigurationList section */
		FB6A6ADD2AE6E5FE000A3D02 /* Build configuration list for PBXProject "TicTacToe" */ = {
			isa = XCConfigurationList;
			buildConfigurations = (
				FB6A6B0A2AE6E601000A3D02 /* Debug */,
				FB6A6B0B2AE6E601000A3D02 /* Release */,
			);
			defaultConfigurationIsVisible = 0;
			defaultConfigurationName = Release;
		};
		FB6A6B0C2AE6E601000A3D02 /* Build configuration list for PBXNativeTarget "TicTacToe" */ = {
			isa = XCConfigurationList;
			buildConfigurations = (
				FB6A6B0D2AE6E601000A3D02 /* Debug */,
				FB6A6B0E2AE6E601000A3D02 /* Release */,
			);
			defaultConfigurationIsVisible = 0;
			defaultConfigurationName = Release;
		};
		FB6A6B0F2AE6E601000A3D02 /* Build configuration list for PBXNativeTarget "TicTacToeTests" */ = {
			isa = XCConfigurationList;
			buildConfigurations = (
				FB6A6B102AE6E601000A3D02 /* Debug */,
				FB6A6B112AE6E601000A3D02 /* Release */,
			);
			defaultConfigurationIsVisible = 0;
			defaultConfigurationName = Release;
		};
		FB6A6B122AE6E601000A3D02 /* Build configuration list for PBXNativeTarget "TicTacToeUITests" */ = {
			isa = XCConfigurationList;
			buildConfigurations = (
				FB6A6B132AE6E601000A3D02 /* Debug */,
				FB6A6B142AE6E601000A3D02 /* Release */,
			);
			defaultConfigurationIsVisible = 0;
			defaultConfigurationName = Release;
		};
/* End XCConfigurationList section */
	};
	rootObject = FB6A6ADA2AE6E5FE000A3D02 /* Project object */;
}
